github.com/dragtor/gopherism/deck v0.0.0-20201026145720-5aba3a3b0f5f h1:kVsLeTesjN0/b2mRvBD5qiasTaLjEctPslb88hcHvj8=
github.com/dragtor/gopherism/deck v0.0.0-20201026145720-5aba3a3b0f5f/go.mod h1:hq2ys7MkhI6PHhfrSlhxmJS6Dd+3WF0DJ7melmLlM/U=
github.com/dragtor/gopherism/deck v0.0.0-20201026173755-de94059eea13 h1:x5+wM46b/jcXkWIGZrIW1IK53ZL4ju3FgZ3f9CpDrDA=
github.com/dragtor/gopherism/deck v0.0.0-20201026173755-de94059eea13/go.mod h1:hq2ys7MkhI6PHhfrSlhxmJS6Dd+3WF0DJ7melmLlM/U=
github.com/dragtor/gopherism/deck v0.0.0-20201027110023-d10ab4c9b8b2 h1:RsAv4RA6OOE5LwuIycDJs6saIk6HppgSPvFDMwGseO4=
github.com/dragtor/gopherism/deck v0.0.0-20201027110023-d10ab4c9b8b2/go.mod h1:hq2ys7MkhI6PHhfrSlhxmJS6Dd+3WF0DJ7melmLlM/U=
github.com/dragtor/gopherism/deck v0.0.0-20201027110126-d2022a340957 h1:Fh77mGgITeRinwq9mwZHA6ZhSc9tgscvcwX16uYL2+s=
github.com/dragtor/gopherism/deck v0.0.0-20201027110126-d2022a340957/go.mod h1:hq2ys7MkhI6PHhfrSlhxmJS6Dd+3WF0DJ7melmLlM/U=
github.com/dragtor/gopherism/deck v0.0.0-20201027121042-29a302aeff42 h1:4/IM1nWgYpUatvJxnesS446fXmh1SssFG7nY07lpDqg=
github.com/dragtor/gopherism/deck v0.0.0-20201027121042-29a302aeff42/go.mod h1:hq2ys7MkhI6PHhfrSlhxmJS6Dd+3WF0DJ7melmLlM/U=
github.com/dragtor/gopherism/deck v0.0.0-20201027121550-f449437cbab4 h1:eCwzp3HGM2cXFrQxRD8kIoc3T17zIIU/R9jaqpyWbRU=
github.com/dragtor/gopherism/deck v0.0.0-20201027121550-f449437cbab4/go.mod h1:hq2ys7MkhI6PHhfrSlhxmJS6Dd+3WF0DJ7melmLlM/U=
